// !$*UTF8*$!
{
	archiveVersion = 1;
	classes = {
	};
	objectVersion = 50;
	objects = {

/* Begin PBXBuildFile section */
		8D4C10782095D675002B8359 /* TextField.swift in Sources */ = {isa = PBXBuildFile; fileRef = 8D4C10772095D675002B8359 /* TextField.swift */; };
		8D57478120B1BC7900578D7D /* MyButton.swift in Sources */ = {isa = PBXBuildFile; fileRef = 8D57478020B1BC7900578D7D /* MyButton.swift */; };
		8D59FE5B20A7142900768C52 /* MainViewController.swift in Sources */ = {isa = PBXBuildFile; fileRef = 8D59FE5A20A7142900768C52 /* MainViewController.swift */; };
		8D59FE5D20A7188600768C52 /* MyViewController.swift in Sources */ = {isa = PBXBuildFile; fileRef = 8D59FE5C20A7188600768C52 /* MyViewController.swift */; };
		8D59FE5F20A72CD900768C52 /* Register_2ViewController.swift in Sources */ = {isa = PBXBuildFile; fileRef = 8D59FE5E20A72CD900768C52 /* Register_2ViewController.swift */; };
		8D59FE6120A83F6D00768C52 /* MyLabel.swift in Sources */ = {isa = PBXBuildFile; fileRef = 8D59FE6020A83F6D00768C52 /* MyLabel.swift */; };
		8D79BC1B20A9939A000C3678 /* IllnesregViewController.swift in Sources */ = {isa = PBXBuildFile; fileRef = 8D79BC1A20A9939A000C3678 /* IllnesregViewController.swift */; };
		8D79BC1D20A993B3000C3678 /* AllergiRegViewController.swift in Sources */ = {isa = PBXBuildFile; fileRef = 8D79BC1C20A993B3000C3678 /* AllergiRegViewController.swift */; };
		8D86309920A6F8E800EFFB65 /* RegisterViewController.swift in Sources */ = {isa = PBXBuildFile; fileRef = 8D86309820A6F8E800EFFB65 /* RegisterViewController.swift */; };
		8DC68B312095F81F005B7A8D /* Trumpit.otf in Resources */ = {isa = PBXBuildFile; fileRef = 8DC68B302095F81F005B7A8D /* Trumpit.otf */; };
		8DD9215520921E3700A0BF39 /* AppDelegate.swift in Sources */ = {isa = PBXBuildFile; fileRef = 8DD9215420921E3700A0BF39 /* AppDelegate.swift */; };
		8DD9215720921E3700A0BF39 /* ViewController.swift in Sources */ = {isa = PBXBuildFile; fileRef = 8DD9215620921E3700A0BF39 /* ViewController.swift */; };
		8DD9215A20921E3700A0BF39 /* Main.storyboard in Resources */ = {isa = PBXBuildFile; fileRef = 8DD9215820921E3700A0BF39 /* Main.storyboard */; };
		8DD9215D20921E3700A0BF39 /* foodle.xcdatamodeld in Sources */ = {isa = PBXBuildFile; fileRef = 8DD9215B20921E3700A0BF39 /* foodle.xcdatamodeld */; };
		8DD9215F20921E3900A0BF39 /* Assets.xcassets in Resources */ = {isa = PBXBuildFile; fileRef = 8DD9215E20921E3900A0BF39 /* Assets.xcassets */; };
		8DD9216220921E3900A0BF39 /* LaunchScreen.storyboard in Resources */ = {isa = PBXBuildFile; fileRef = 8DD9216020921E3900A0BF39 /* LaunchScreen.storyboard */; };
		8DD9216D20921E3900A0BF39 /* foodleTests.swift in Sources */ = {isa = PBXBuildFile; fileRef = 8DD9216C20921E3900A0BF39 /* foodleTests.swift */; };
		8DD9217820921E3900A0BF39 /* foodleUITests.swift in Sources */ = {isa = PBXBuildFile; fileRef = 8DD9217720921E3900A0BF39 /* foodleUITests.swift */; };
/* End PBXBuildFile section */

/* Begin PBXContainerItemProxy section */
		8DD9216920921E3900A0BF39 /* PBXContainerItemProxy */ = {
			isa = PBXContainerItemProxy;
			containerPortal = 8DD9214920921E3700A0BF39 /* Project object */;
			proxyType = 1;
			remoteGlobalIDString = 8DD9215020921E3700A0BF39;
			remoteInfo = foodle;
		};
		8DD9217420921E3900A0BF39 /* PBXContainerItemProxy */ = {
			isa = PBXContainerItemProxy;
			containerPortal = 8DD9214920921E3700A0BF39 /* Project object */;
			proxyType = 1;
			remoteGlobalIDString = 8DD9215020921E3700A0BF39;
			remoteInfo = foodle;
		};
/* End PBXContainerItemProxy section */

/* Begin PBXFileReference section */
		8D4C10772095D675002B8359 /* TextField.swift */ = {isa = PBXFileReference; lastKnownFileType = sourcecode.swift; path = TextField.swift; sourceTree = "<group>"; };
		8D57478020B1BC7900578D7D /* MyButton.swift */ = {isa = PBXFileReference; lastKnownFileType = sourcecode.swift; path = MyButton.swift; sourceTree = "<group>"; };
		8D59FE5A20A7142900768C52 /* MainViewController.swift */ = {isa = PBXFileReference; lastKnownFileType = sourcecode.swift; path = MainViewController.swift; sourceTree = "<group>"; };
		8D59FE5C20A7188600768C52 /* MyViewController.swift */ = {isa = PBXFileReference; lastKnownFileType = sourcecode.swift; path = MyViewController.swift; sourceTree = "<group>"; };
		8D59FE5E20A72CD900768C52 /* Register_2ViewController.swift */ = {isa = PBXFileReference; lastKnownFileType = sourcecode.swift; path = Register_2ViewController.swift; sourceTree = "<group>"; };
		8D59FE6020A83F6D00768C52 /* MyLabel.swift */ = {isa = PBXFileReference; lastKnownFileType = sourcecode.swift; path = MyLabel.swift; sourceTree = "<group>"; };
		8D79BC1A20A9939A000C3678 /* IllnesregViewController.swift */ = {isa = PBXFileReference; lastKnownFileType = sourcecode.swift; path = IllnesregViewController.swift; sourceTree = "<group>"; };
		8D79BC1C20A993B3000C3678 /* AllergiRegViewController.swift */ = {isa = PBXFileReference; lastKnownFileType = sourcecode.swift; path = AllergiRegViewController.swift; sourceTree = "<group>"; };
		8D86309820A6F8E800EFFB65 /* RegisterViewController.swift */ = {isa = PBXFileReference; lastKnownFileType = sourcecode.swift; path = RegisterViewController.swift; sourceTree = "<group>"; };
		8DC68B302095F81F005B7A8D /* Trumpit.otf */ = {isa = PBXFileReference; lastKnownFileType = file; path = Trumpit.otf; sourceTree = "<group>"; };
		8DD9215120921E3700A0BF39 /* foodle.app */ = {isa = PBXFileReference; explicitFileType = wrapper.application; includeInIndex = 0; path = foodle.app; sourceTree = BUILT_PRODUCTS_DIR; };
		8DD9215420921E3700A0BF39 /* AppDelegate.swift */ = {isa = PBXFileReference; lastKnownFileType = sourcecode.swift; path = AppDelegate.swift; sourceTree = "<group>"; };
		8DD9215620921E3700A0BF39 /* ViewController.swift */ = {isa = PBXFileReference; lastKnownFileType = sourcecode.swift; path = ViewController.swift; sourceTree = "<group>"; };
		8DD9215920921E3700A0BF39 /* Base */ = {isa = PBXFileReference; lastKnownFileType = file.storyboard; name = Base; path = Base.lproj/Main.storyboard; sourceTree = "<group>"; };
		8DD9215C20921E3700A0BF39 /* foodle.xcdatamodel */ = {isa = PBXFileReference; lastKnownFileType = wrapper.xcdatamodel; path = foodle.xcdatamodel; sourceTree = "<group>"; };
		8DD9215E20921E3900A0BF39 /* Assets.xcassets */ = {isa = PBXFileReference; lastKnownFileType = folder.assetcatalog; path = Assets.xcassets; sourceTree = "<group>"; };
		8DD9216120921E3900A0BF39 /* Base */ = {isa = PBXFileReference; lastKnownFileType = file.storyboard; name = Base; path = Base.lproj/LaunchScreen.storyboard; sourceTree = "<group>"; };
		8DD9216320921E3900A0BF39 /* Info.plist */ = {isa = PBXFileReference; lastKnownFileType = text.plist.xml; path = Info.plist; sourceTree = "<group>"; };
		8DD9216820921E3900A0BF39 /* foodleTests.xctest */ = {isa = PBXFileReference; explicitFileType = wrapper.cfbundle; includeInIndex = 0; path = foodleTests.xctest; sourceTree = BUILT_PRODUCTS_DIR; };
		8DD9216C20921E3900A0BF39 /* foodleTests.swift */ = {isa = PBXFileReference; lastKnownFileType = sourcecode.swift; path = foodleTests.swift; sourceTree = "<group>"; };
		8DD9216E20921E3900A0BF39 /* Info.plist */ = {isa = PBXFileReference; lastKnownFileType = text.plist.xml; path = Info.plist; sourceTree = "<group>"; };
		8DD9217320921E3900A0BF39 /* foodleUITests.xctest */ = {isa = PBXFileReference; explicitFileType = wrapper.cfbundle; includeInIndex = 0; path = foodleUITests.xctest; sourceTree = BUILT_PRODUCTS_DIR; };
		8DD9217720921E3900A0BF39 /* foodleUITests.swift */ = {isa = PBXFileReference; lastKnownFileType = sourcecode.swift; path = foodleUITests.swift; sourceTree = "<group>"; };
		8DD9217920921E3900A0BF39 /* Info.plist */ = {isa = PBXFileReference; lastKnownFileType = text.plist.xml; path = Info.plist; sourceTree = "<group>"; };
/* End PBXFileReference section */

/* Begin PBXFrameworksBuildPhase section */
		8DD9214E20921E3700A0BF39 /* Frameworks */ = {
			isa = PBXFrameworksBuildPhase;
			buildActionMask = 2147483647;
			files = (
			);
			runOnlyForDeploymentPostprocessing = 0;
		};
		8DD9216520921E3900A0BF39 /* Frameworks */ = {
			isa = PBXFrameworksBuildPhase;
			buildActionMask = 2147483647;
			files = (
			);
			runOnlyForDeploymentPostprocessing = 0;
		};
		8DD9217020921E3900A0BF39 /* Frameworks */ = {
			isa = PBXFrameworksBuildPhase;
			buildActionMask = 2147483647;
			files = (
			);
			runOnlyForDeploymentPostprocessing = 0;
		};
/* End PBXFrameworksBuildPhase section */

/* Begin PBXGroup section */
		8DD9214820921E3700A0BF39 = {
			isa = PBXGroup;
			children = (
				8DD9215320921E3700A0BF39 /* foodle */,
				8DD9216B20921E3900A0BF39 /* foodleTests */,
				8DD9217620921E3900A0BF39 /* foodleUITests */,
				8DD9215220921E3700A0BF39 /* Products */,
			);
			sourceTree = "<group>";
		};
		8DD9215220921E3700A0BF39 /* Products */ = {
			isa = PBXGroup;
			children = (
				8DD9215120921E3700A0BF39 /* foodle.app */,
				8DD9216820921E3900A0BF39 /* foodleTests.xctest */,
				8DD9217320921E3900A0BF39 /* foodleUITests.xctest */,
			);
			name = Products;
			sourceTree = "<group>";
		};
		8DD9215320921E3700A0BF39 /* foodle */ = {
			isa = PBXGroup;
			children = (
				8DD9215420921E3700A0BF39 /* AppDelegate.swift */,
				8DD9215620921E3700A0BF39 /* ViewController.swift */,
				8D59FE5A20A7142900768C52 /* MainViewController.swift */,
				8D86309820A6F8E800EFFB65 /* RegisterViewController.swift */,
				8D59FE5E20A72CD900768C52 /* Register_2ViewController.swift */,
				8DD9215820921E3700A0BF39 /* Main.storyboard */,
				8D79BC1A20A9939A000C3678 /* IllnesregViewController.swift */,
				8D79BC1C20A993B3000C3678 /* AllergiRegViewController.swift */,
				8DD9215E20921E3900A0BF39 /* Assets.xcassets */,
				8DD9216020921E3900A0BF39 /* LaunchScreen.storyboard */,
				8DD9216320921E3900A0BF39 /* Info.plist */,
				8DD9215B20921E3700A0BF39 /* foodle.xcdatamodeld */,
				8D4C10772095D675002B8359 /* TextField.swift */,
				8D59FE6020A83F6D00768C52 /* MyLabel.swift */,
				8D59FE5C20A7188600768C52 /* MyViewController.swift */,
				8D57478020B1BC7900578D7D /* MyButton.swift */,
				8DC68B302095F81F005B7A8D /* Trumpit.otf */,
			);
			path = foodle;
			sourceTree = "<group>";
		};
		8DD9216B20921E3900A0BF39 /* foodleTests */ = {
			isa = PBXGroup;
			children = (
				8DD9216C20921E3900A0BF39 /* foodleTests.swift */,
				8DD9216E20921E3900A0BF39 /* Info.plist */,
			);
			path = foodleTests;
			sourceTree = "<group>";
		};
		8DD9217620921E3900A0BF39 /* foodleUITests */ = {
			isa = PBXGroup;
			children = (
				8DD9217720921E3900A0BF39 /* foodleUITests.swift */,
				8DD9217920921E3900A0BF39 /* Info.plist */,
			);
			path = foodleUITests;
			sourceTree = "<group>";
		};
/* End PBXGroup section */

/* Begin PBXNativeTarget section */
		8DD9215020921E3700A0BF39 /* foodle */ = {
			isa = PBXNativeTarget;
			buildConfigurationList = 8DD9217C20921E3900A0BF39 /* Build configuration list for PBXNativeTarget "foodle" */;
			buildPhases = (
				8DD9214D20921E3700A0BF39 /* Sources */,
				8DD9214E20921E3700A0BF39 /* Frameworks */,
				8DD9214F20921E3700A0BF39 /* Resources */,
			);
			buildRules = (
			);
			dependencies = (
			);
			name = foodle;
			productName = foodle;
			productReference = 8DD9215120921E3700A0BF39 /* foodle.app */;
			productType = "com.apple.product-type.application";
		};
		8DD9216720921E3900A0BF39 /* foodleTests */ = {
			isa = PBXNativeTarget;
			buildConfigurationList = 8DD9217F20921E3900A0BF39 /* Build configuration list for PBXNativeTarget "foodleTests" */;
			buildPhases = (
				8DD9216420921E3900A0BF39 /* Sources */,
				8DD9216520921E3900A0BF39 /* Frameworks */,
				8DD9216620921E3900A0BF39 /* Resources */,
			);
			buildRules = (
			);
			dependencies = (
				8DD9216A20921E3900A0BF39 /* PBXTargetDependency */,
			);
			name = foodleTests;
			productName = foodleTests;
			productReference = 8DD9216820921E3900A0BF39 /* foodleTests.xctest */;
			productType = "com.apple.product-type.bundle.unit-test";
		};
		8DD9217220921E3900A0BF39 /* foodleUITests */ = {
			isa = PBXNativeTarget;
			buildConfigurationList = 8DD9218220921E3900A0BF39 /* Build configuration list for PBXNativeTarget "foodleUITests" */;
			buildPhases = (
				8DD9216F20921E3900A0BF39 /* Sources */,
				8DD9217020921E3900A0BF39 /* Frameworks */,
				8DD9217120921E3900A0BF39 /* Resources */,
			);
			buildRules = (
			);
			dependencies = (
				8DD9217520921E3900A0BF39 /* PBXTargetDependency */,
			);
			name = foodleUITests;
			productName = foodleUITests;
			productReference = 8DD9217320921E3900A0BF39 /* foodleUITests.xctest */;
			productType = "com.apple.product-type.bundle.ui-testing";
		};
/* End PBXNativeTarget section */

/* Begin PBXProject section */
		8DD9214920921E3700A0BF39 /* Project object */ = {
			isa = PBXProject;
			attributes = {
				LastSwiftUpdateCheck = 0930;
				LastUpgradeCheck = 0930;
				ORGANIZATIONNAME = "Maxim Kuba";
				TargetAttributes = {
					8DD9215020921E3700A0BF39 = {
						CreatedOnToolsVersion = 9.3;
					};
					8DD9216720921E3900A0BF39 = {
						CreatedOnToolsVersion = 9.3;
						TestTargetID = 8DD9215020921E3700A0BF39;
					};
					8DD9217220921E3900A0BF39 = {
						CreatedOnToolsVersion = 9.3;
						TestTargetID = 8DD9215020921E3700A0BF39;
					};
				};
			};
			buildConfigurationList = 8DD9214C20921E3700A0BF39 /* Build configuration list for PBXProject "foodle" */;
			compatibilityVersion = "Xcode 9.3";
			developmentRegion = en;
			hasScannedForEncodings = 0;
			knownRegions = (
				en,
				Base,
			);
			mainGroup = 8DD9214820921E3700A0BF39;
			productRefGroup = 8DD9215220921E3700A0BF39 /* Products */;
			projectDirPath = "";
			projectRoot = "";
			targets = (
				8DD9215020921E3700A0BF39 /* foodle */,
				8DD9216720921E3900A0BF39 /* foodleTests */,
				8DD9217220921E3900A0BF39 /* foodleUITests */,
			);
		};
/* End PBXProject section */

/* Begin PBXResourcesBuildPhase section */
		8DD9214F20921E3700A0BF39 /* Resources */ = {
			isa = PBXResourcesBuildPhase;
			buildActionMask = 2147483647;
			files = (
				8DD9216220921E3900A0BF39 /* LaunchScreen.storyboard in Resources */,
				8DD9215F20921E3900A0BF39 /* Assets.xcassets in Resources */,
				8DD9215A20921E3700A0BF39 /* Main.storyboard in Resources */,
				8DC68B312095F81F005B7A8D /* Trumpit.otf in Resources */,
			);
			runOnlyForDeploymentPostprocessing = 0;
		};
		8DD9216620921E3900A0BF39 /* Resources */ = {
			isa = PBXResourcesBuildPhase;
			buildActionMask = 2147483647;
			files = (
			);
			runOnlyForDeploymentPostprocessing = 0;
		};
		8DD9217120921E3900A0BF39 /* Resources */ = {
			isa = PBXResourcesBuildPhase;
			buildActionMask = 2147483647;
			files = (
			);
			runOnlyForDeploymentPostprocessing = 0;
		};
/* End PBXResourcesBuildPhase section */

/* Begin PBXSourcesBuildPhase section */
		8DD9214D20921E3700A0BF39 /* Sources */ = {
			isa = PBXSourcesBuildPhase;
			buildActionMask = 2147483647;
			files = (
				8DD9215720921E3700A0BF39 /* ViewController.swift in Sources */,
				8D86309920A6F8E800EFFB65 /* RegisterViewController.swift in Sources */,
				8D79BC1B20A9939A000C3678 /* IllnesregViewController.swift in Sources */,
				8D59FE6120A83F6D00768C52 /* MyLabel.swift in Sources */,
				8D79BC1D20A993B3000C3678 /* AllergiRegViewController.swift in Sources */,
				8DD9215D20921E3700A0BF39 /* foodle.xcdatamodeld in Sources */,
				8D59FE5D20A7188600768C52 /* MyViewController.swift in Sources */,
				8D59FE5B20A7142900768C52 /* MainViewController.swift in Sources */,
				8DD9215520921E3700A0BF39 /* AppDelegate.swift in Sources */,
				8D59FE5F20A72CD900768C52 /* Register_2ViewController.swift in Sources */,
				8D4C10782095D675002B8359 /* TextField.swift in Sources */,
				8D57478120B1BC7900578D7D /* MyButton.swift in Sources */,
			);
			runOnlyForDeploymentPostprocessing = 0;
		};
		8DD9216420921E3900A0BF39 /* Sources */ = {
			isa = PBXSourcesBuildPhase;
			buildActionMask = 2147483647;
			files = (
				8DD9216D20921E3900A0BF39 /* foodleTests.swift in Sources */,
			);
			runOnlyForDeploymentPostprocessing = 0;
		};
		8DD9216F20921E3900A0BF39 /* Sources */ = {
			isa = PBXSourcesBuildPhase;
			buildActionMask = 2147483647;
			files = (
				8DD9217820921E3900A0BF39 /* foodleUITests.swift in Sources */,
			);
			runOnlyForDeploymentPostprocessing = 0;
		};
/* End PBXSourcesBuildPhase section */

/* Begin PBXTargetDependency section */
		8DD9216A20921E3900A0BF39 /* PBXTargetDependency */ = {
			isa = PBXTargetDependency;
			target = 8DD9215020921E3700A0BF39 /* foodle */;
			targetProxy = 8DD9216920921E3900A0BF39 /* PBXContainerItemProxy */;
		};
		8DD9217520921E3900A0BF39 /* PBXTargetDependency */ = {
			isa = PBXTargetDependency;
			target = 8DD9215020921E3700A0BF39 /* foodle */;
			targetProxy = 8DD9217420921E3900A0BF39 /* PBXContainerItemProxy */;
		};
/* End PBXTargetDependency section */

/* Begin PBXVariantGroup section */
		8DD9215820921E3700A0BF39 /* Main.storyboard */ = {
			isa = PBXVariantGroup;
			children = (
				8DD9215920921E3700A0BF39 /* Base */,
			);
			name = Main.storyboard;
			sourceTree = "<group>";
		};
		8DD9216020921E3900A0BF39 /* LaunchScreen.storyboard */ = {
			isa = PBXVariantGroup;
			children = (
				8DD9216120921E3900A0BF39 /* Base */,
			);
			name = LaunchScreen.storyboard;
			sourceTree = "<group>";
		};
/* End PBXVariantGroup section */

/* Begin XCBuildConfiguration section */
		8DD9217A20921E3900A0BF39 /* Debug */ = {
			isa = XCBuildConfiguration;
			buildSettings = {
				ALWAYS_SEARCH_USER_PATHS = NO;
				CLANG_ANALYZER_NONNULL = YES;
				CLANG_ANALYZER_NUMBER_OBJECT_CONVERSION = YES_AGGRESSIVE;
				CLANG_CXX_LANGUAGE_STANDARD = "gnu++14";
				CLANG_CXX_LIBRARY = "libc++";
				CLANG_ENABLE_MODULES = YES;
				CLANG_ENABLE_OBJC_ARC = YES;
				CLANG_ENABLE_OBJC_WEAK = YES;
				CLANG_WARN_BLOCK_CAPTURE_AUTORELEASING = YES;
				CLANG_WARN_BOOL_CONVERSION = YES;
				CLANG_WARN_COMMA = YES;
				CLANG_WARN_CONSTANT_CONVERSION = YES;
				CLANG_WARN_DEPRECATED_OBJC_IMPLEMENTATIONS = YES;
				CLANG_WARN_DIRECT_OBJC_ISA_USAGE = YES_ERROR;
				CLANG_WARN_DOCUMENTATION_COMMENTS = YES;
				CLANG_WARN_EMPTY_BODY = YES;
				CLANG_WARN_ENUM_CONVERSION = YES;
				CLANG_WARN_INFINITE_RECURSION = YES;
				CLANG_WARN_INT_CONVERSION = YES;
				CLANG_WARN_NON_LITERAL_NULL_CONVERSION = YES;
				CLANG_WARN_OBJC_IMPLICIT_RETAIN_SELF = YES;
				CLANG_WARN_OBJC_LITERAL_CONVERSION = YES;
				CLANG_WARN_OBJC_ROOT_CLASS = YES_ERROR;
				CLANG_WARN_RANGE_LOOP_ANALYSIS = YES;
				CLANG_WARN_STRICT_PROTOTYPES = YES;
				CLANG_WARN_SUSPICIOUS_MOVE = YES;
				CLANG_WARN_UNGUARDED_AVAILABILITY = YES_AGGRESSIVE;
				CLANG_WARN_UNREACHABLE_CODE = YES;
				CLANG_WARN__DUPLICATE_METHOD_MATCH = YES;
				CODE_SIGN_IDENTITY = "iPhone Developer";
				COPY_PHASE_STRIP = NO;
				DEBUG_INFORMATION_FORMAT = dwarf;
				ENABLE_STRICT_OBJC_MSGSEND = YES;
				ENABLE_TESTABILITY = YES;
				GCC_C_LANGUAGE_STANDARD = gnu11;
				GCC_DYNAMIC_NO_PIC = NO;
				GCC_NO_COMMON_BLOCKS = YES;
				GCC_OPTIMIZATION_LEVEL = 0;
				GCC_PREPROCESSOR_DEFINITIONS = (
					"DEBUG=1",
					"$(inherited)",
				);
				GCC_WARN_64_TO_32_BIT_CONVERSION = YES;
				GCC_WARN_ABOUT_RETURN_TYPE = YES_ERROR;
				GCC_WARN_UNDECLARED_SELECTOR = YES;
				GCC_WARN_UNINITIALIZED_AUTOS = YES_AGGRESSIVE;
				GCC_WARN_UNUSED_FUNCTION = YES;
				GCC_WARN_UNUSED_VARIABLE = YES;
				IPHONEOS_DEPLOYMENT_TARGET = 11.3;
				MTL_ENABLE_DEBUG_INFO = YES;
				ONLY_ACTIVE_ARCH = YES;
				SDKROOT = iphoneos;
				SWIFT_ACTIVE_COMPILATION_CONDITIONS = DEBUG;
				SWIFT_OPTIMIZATION_LEVEL = "-Onone";
			};
			name = Debug;
		};
		8DD9217B20921E3900A0BF39 /* Release */ = {
			isa = XCBuildConfiguration;
			buildSettings = {
				ALWAYS_SEARCH_USER_PATHS = NO;
				CLANG_ANALYZER_NONNULL = YES;
				CLANG_ANALYZER_NUMBER_OBJECT_CONVERSION = YES_AGGRESSIVE;
				CLANG_CXX_LANGUAGE_STANDARD = "gnu++14";
				CLANG_CXX_LIBRARY = "libc++";
				CLANG_ENABLE_MODULES = YES;
				CLANG_ENABLE_OBJC_ARC = YES;
				CLANG_ENABLE_OBJC_WEAK = YES;
				CLANG_WARN_BLOCK_CAPTURE_AUTORELEASING = YES;
				CLANG_WARN_BOOL_CONVERSION = YES;
				CLANG_WARN_COMMA = YES;
				CLANG_WARN_CONSTANT_CONVERSION = YES;
				CLANG_WARN_DEPRECATED_OBJC_IMPLEMENTATIONS = YES;
				CLANG_WARN_DIRECT_OBJC_ISA_USAGE = YES_ERROR;
				CLANG_WARN_DOCUMENTATION_COMMENTS = YES;
				CLANG_WARN_EMPTY_BODY = YES;
				CLANG_WARN_ENUM_CONVERSION = YES;
				CLANG_WARN_INFINITE_RECURSION = YES;
				CLANG_WARN_INT_CONVERSION = YES;
				CLANG_WARN_NON_LITERAL_NULL_CONVERSION = YES;
				CLANG_WARN_OBJC_IMPLICIT_RETAIN_SELF = YES;
				CLANG_WARN_OBJC_LITERAL_CONVERSION = YES;
				CLANG_WARN_OBJC_ROOT_CLASS = YES_ERROR;
				CLANG_WARN_RANGE_LOOP_ANALYSIS = YES;
				CLANG_WARN_STRICT_PROTOTYPES = YES;
				CLANG_WARN_SUSPICIOUS_MOVE = YES;
				CLANG_WARN_UNGUARDED_AVAILABILITY = YES_AGGRESSIVE;
				CLANG_WARN_UNREACHABLE_CODE = YES;
				CLANG_WARN__DUPLICATE_METHOD_MATCH = YES;
				CODE_SIGN_IDENTITY = "iPhone Developer";
				COPY_PHASE_STRIP = NO;
				DEBUG_INFORMATION_FORMAT = "dwarf-with-dsym";
				ENABLE_NS_ASSERTIONS = NO;
				ENABLE_STRICT_OBJC_MSGSEND = YES;
				GCC_C_LANGUAGE_STANDARD = gnu11;
				GCC_NO_COMMON_BLOCKS = YES;
				GCC_WARN_64_TO_32_BIT_CONVERSION = YES;
				GCC_WARN_ABOUT_RETURN_TYPE = YES_ERROR;
				GCC_WARN_UNDECLARED_SELECTOR = YES;
				GCC_WARN_UNINITIALIZED_AUTOS = YES_AGGRESSIVE;
				GCC_WARN_UNUSED_FUNCTION = YES;
				GCC_WARN_UNUSED_VARIABLE = YES;
				IPHONEOS_DEPLOYMENT_TARGET = 11.3;
				MTL_ENABLE_DEBUG_INFO = NO;
				SDKROOT = iphoneos;
				SWIFT_COMPILATION_MODE = wholemodule;
				SWIFT_OPTIMIZATION_LEVEL = "-O";
				VALIDATE_PRODUCT = YES;
			};
			name = Release;
		};
		8DD9217D20921E3900A0BF39 /* Debug */ = {
			isa = XCBuildConfiguration;
			buildSettings = {
				ASSETCATALOG_COMPILER_APPICON_NAME = AppIcon;
				CODE_SIGN_STYLE = Automatic;
				DEVELOPMENT_TEAM = B68D4EQP44;
				INFOPLIST_FILE = foodle/Info.plist;
				LD_RUNPATH_SEARCH_PATHS = (
					"$(inherited)",
					"@executable_path/Frameworks",
				);
				PRODUCT_BUNDLE_IDENTIFIER = com.example.foodle;
				PRODUCT_NAME = "$(TARGET_NAME)";
				SWIFT_VERSION = 4.0;
				TARGETED_DEVICE_FAMILY = "1,2";
			};
			name = Debug;
		};
		8DD9217E20921E3900A0BF39 /* Release */ = {
			isa = XCBuildConfiguration;
			buildSettings = {
				ASSETCATALOG_COMPILER_APPICON_NAME = AppIcon;
				CODE_SIGN_STYLE = Automatic;
				DEVELOPMENT_TEAM = B68D4EQP44;
				INFOPLIST_FILE = foodle/Info.plist;
				LD_RUNPATH_SEARCH_PATHS = (
					"$(inherited)",
					"@executable_path/Frameworks",
				);
				PRODUCT_BUNDLE_IDENTIFIER = com.example.foodle;
				PRODUCT_NAME = "$(TARGET_NAME)";
				SWIFT_VERSION = 4.0;
				TARGETED_DEVICE_FAMILY = "1,2";
			};
			name = Release;
		};
		8DD9218020921E3900A0BF39 /* Debug */ = {
			isa = XCBuildConfiguration;
			buildSettings = {
				ALWAYS_EMBED_SWIFT_STANDARD_LIBRARIES = YES;
				BUNDLE_LOADER = "$(TEST_HOST)";
				CODE_SIGN_STYLE = Automatic;
				DEVELOPMENT_TEAM = B68D4EQP44;
				INFOPLIST_FILE = foodleTests/Info.plist;
				LD_RUNPATH_SEARCH_PATHS = (
					"$(inherited)",
					"@executable_path/Frameworks",
					"@loader_path/Frameworks",
				);
				PRODUCT_BUNDLE_IDENTIFIER = com.example.foodleTests;
				PRODUCT_NAME = "$(TARGET_NAME)";
				SWIFT_VERSION = 4.0;
				TARGETED_DEVICE_FAMILY = "1,2";
				TEST_HOST = "$(BUILT_PRODUCTS_DIR)/foodle.app/foodle";
			};
			name = Debug;
		};
		8DD9218120921E3900A0BF39 /* Release */ = {
			isa = XCBuildConfiguration;
			buildSettings = {
				ALWAYS_EMBED_SWIFT_STANDARD_LIBRARIES = YES;
				BUNDLE_LOADER = "$(TEST_HOST)";
				CODE_SIGN_STYLE = Automatic;
				DEVELOPMENT_TEAM = B68D4EQP44;
				INFOPLIST_FILE = foodleTests/Info.plist;
				LD_RUNPATH_SEARCH_PATHS = (
					"$(inherited)",
					"@executable_path/Frameworks",
					"@loader_path/Frameworks",
				);
				PRODUCT_BUNDLE_IDENTIFIER = com.example.foodleTests;
				PRODUCT_NAME = "$(TARGET_NAME)";
				SWIFT_VERSION = 4.0;
				TARGETED_DEVICE_FAMILY = "1,2";
				TEST_HOST = "$(BUILT_PRODUCTS_DIR)/foodle.app/foodle";
			};
			name = Release;
		};
		8DD9218320921E3900A0BF39 /* Debug */ = {
			isa = XCBuildConfiguration;
			buildSettings = {
				ALWAYS_EMBED_SWIFT_STANDARD_LIBRARIES = YES;
				CODE_SIGN_STYLE = Automatic;
				DEVELOPMENT_TEAM = B68D4EQP44;
				INFOPLIST_FILE = foodleUITests/Info.plist;
				LD_RUNPATH_SEARCH_PATHS = (
					"$(inherited)",
					"@executable_path/Frameworks",
					"@loader_path/Frameworks",
				);
				PRODUCT_BUNDLE_IDENTIFIER = com.example.foodleUITests;
				PRODUCT_NAME = "$(TARGET_NAME)";
				SWIFT_VERSION = 4.0;
				TARGETED_DEVICE_FAMILY = "1,2";
				TEST_TARGET_NAME = foodle;
			};
			name = Debug;
		};
		8DD9218420921E3900A0BF39 /* Release */ = {
			isa = XCBuildConfiguration;
			buildSettings = {
				ALWAYS_EMBED_SWIFT_STANDARD_LIBRARIES = YES;
				CODE_SIGN_STYLE = Automatic;
				DEVELOPMENT_TEAM = B68D4EQP44;
				INFOPLIST_FILE = foodleUITests/Info.plist;
				LD_RUNPATH_SEARCH_PATHS = (
					"$(inherited)",
					"@executable_path/Frameworks",
					"@loader_path/Frameworks",
				);
				PRODUCT_BUNDLE_IDENTIFIER = com.example.foodleUITests;
				PRODUCT_NAME = "$(TARGET_NAME)";
				SWIFT_VERSION = 4.0;
				TARGETED_DEVICE_FAMILY = "1,2";
				TEST_TARGET_NAME = foodle;
			};
			name = Release;
		};
/* End XCBuildConfiguration section */

/* Begin XCConfigurationList section */
		8DD9214C20921E3700A0BF39 /* Build configuration list for PBXProject "foodle" */ = {
			isa = XCConfigurationList;
			buildConfigurations = (
				8DD9217A20921E3900A0BF39 /* Debug */,
				8DD9217B20921E3900A0BF39 /* Release */,
			);
			defaultConfigurationIsVisible = 0;
			defaultConfigurationName = Release;
		};
		8DD9217C20921E3900A0BF39 /* Build configuration list for PBXNativeTarget "foodle" */ = {
			isa = XCConfigurationList;
			buildConfigurations = (
				8DD9217D20921E3900A0BF39 /* Debug */,
				8DD9217E20921E3900A0BF39 /* Release */,
			);
			defaultConfigurationIsVisible = 0;
			defaultConfigurationName = Release;
		};
		8DD9217F20921E3900A0BF39 /* Build configuration list for PBXNativeTarget "foodleTests" */ = {
			isa = XCConfigurationList;
			buildConfigurations = (
				8DD9218020921E3900A0BF39 /* Debug */,
				8DD9218120921E3900A0BF39 /* Release */,
			);
			defaultConfigurationIsVisible = 0;
			defaultConfigurationName = Release;
		};
		8DD9218220921E3900A0BF39 /* Build configuration list for PBXNativeTarget "foodleUITests" */ = {
			isa = XCConfigurationList;
			buildConfigurations = (
				8DD9218320921E3900A0BF39 /* Debug */,
				8DD9218420921E3900A0BF39 /* Release */,
			);
			defaultConfigurationIsVisible = 0;
			defaultConfigurationName = Release;
		};
/* End XCConfigurationList section */

/* Begin XCVersionGroup section */
		8DD9215B20921E3700A0BF39 /* foodle.xcdatamodeld */ = {
			isa = XCVersionGroup;
			children = (
				8DD9215C20921E3700A0BF39 /* foodle.xcdatamodel */,
			);
			currentVersion = 8DD9215C20921E3700A0BF39 /* foodle.xcdatamodel */;
			path = foodle.xcdatamodeld;
			sourceTree = "<group>";
			versionGroupType = wrapper.xcdatamodel;
		};
/* End XCVersionGroup section */
	};
	rootObject = 8DD9214920921E3700A0BF39 /* Project object */;
}
